// !$*UTF8*$!
{
	archiveVersion = 1;
	classes = {
	};
	objectVersion = 56;
	objects = {

/* Begin PBXBuildFile section */
		5F869A8029097441002C02B0 /* TileView.swift in Sources */ = {isa = PBXBuildFile; fileRef = 5F869A7F29097441002C02B0 /* TileView.swift */; };
		5F869A842909750E002C02B0 /* Constants.swift in Sources */ = {isa = PBXBuildFile; fileRef = 5F869A832909750E002C02B0 /* Constants.swift */; };
		5F869A8629097584002C02B0 /* BoardView.swift in Sources */ = {isa = PBXBuildFile; fileRef = 5F869A8529097583002C02B0 /* BoardView.swift */; };
		5F869A882909793A002C02B0 /* ChipView.swift in Sources */ = {isa = PBXBuildFile; fileRef = 5F869A872909793A002C02B0 /* ChipView.swift */; };
		5F869A8B29097BDD002C02B0 /* Player.swift in Sources */ = {isa = PBXBuildFile; fileRef = 5F869A8A29097BDD002C02B0 /* Player.swift */; };
		5F869A8D2909802D002C02B0 /* Game.swift in Sources */ = {isa = PBXBuildFile; fileRef = 5F869A8C2909802D002C02B0 /* Game.swift */; };
		5F869A8F29098B55002C02B0 /* Tile.swift in Sources */ = {isa = PBXBuildFile; fileRef = 5F869A8E29098B55002C02B0 /* Tile.swift */; };
		5FC0F7C128F84935001645E6 /* Connect4App.swift in Sources */ = {isa = PBXBuildFile; fileRef = 5FC0F7C028F84935001645E6 /* Connect4App.swift */; };
		5FC0F7C328F84935001645E6 /* ContentView.swift in Sources */ = {isa = PBXBuildFile; fileRef = 5FC0F7C228F84935001645E6 /* ContentView.swift */; };
		5FC0F7C528F84937001645E6 /* Assets.xcassets in Resources */ = {isa = PBXBuildFile; fileRef = 5FC0F7C428F84937001645E6 /* Assets.xcassets */; };
		5FC0F7C828F84937001645E6 /* Preview Assets.xcassets in Resources */ = {isa = PBXBuildFile; fileRef = 5FC0F7C728F84937001645E6 /* Preview Assets.xcassets */; };
/* End PBXBuildFile section */

/* Begin PBXFileReference section */
		5F869A7F29097441002C02B0 /* TileView.swift */ = {isa = PBXFileReference; lastKnownFileType = sourcecode.swift; path = TileView.swift; sourceTree = "<group>"; };
		5F869A832909750E002C02B0 /* Constants.swift */ = {isa = PBXFileReference; lastKnownFileType = sourcecode.swift; path = Constants.swift; sourceTree = "<group>"; };
		5F869A8529097583002C02B0 /* BoardView.swift */ = {isa = PBXFileReference; lastKnownFileType = sourcecode.swift; path = BoardView.swift; sourceTree = "<group>"; };
		5F869A872909793A002C02B0 /* ChipView.swift */ = {isa = PBXFileReference; lastKnownFileType = sourcecode.swift; path = ChipView.swift; sourceTree = "<group>"; };
		5F869A8A29097BDD002C02B0 /* Player.swift */ = {isa = PBXFileReference; lastKnownFileType = sourcecode.swift; path = Player.swift; sourceTree = "<group>"; };
		5F869A8C2909802D002C02B0 /* Game.swift */ = {isa = PBXFileReference; lastKnownFileType = sourcecode.swift; path = Game.swift; sourceTree = "<group>"; };
		5F869A8E29098B55002C02B0 /* Tile.swift */ = {isa = PBXFileReference; lastKnownFileType = sourcecode.swift; path = Tile.swift; sourceTree = "<group>"; };
		5FC0F7BD28F84935001645E6 /* Connect4.app */ = {isa = PBXFileReference; explicitFileType = wrapper.application; includeInIndex = 0; path = Connect4.app; sourceTree = BUILT_PRODUCTS_DIR; };
		5FC0F7C028F84935001645E6 /* Connect4App.swift */ = {isa = PBXFileReference; lastKnownFileType = sourcecode.swift; path = Connect4App.swift; sourceTree = "<group>"; };
		5FC0F7C228F84935001645E6 /* ContentView.swift */ = {isa = PBXFileReference; lastKnownFileType = sourcecode.swift; path = ContentView.swift; sourceTree = "<group>"; };
		5FC0F7C428F84937001645E6 /* Assets.xcassets */ = {isa = PBXFileReference; lastKnownFileType = folder.assetcatalog; path = Assets.xcassets; sourceTree = "<group>"; };
		5FC0F7C728F84937001645E6 /* Preview Assets.xcassets */ = {isa = PBXFileReference; lastKnownFileType = folder.assetcatalog; path = "Preview Assets.xcassets"; sourceTree = "<group>"; };
/* End PBXFileReference section */

/* Begin PBXFrameworksBuildPhase section */
		5FC0F7BA28F84935001645E6 /* Frameworks */ = {
			isa = PBXFrameworksBuildPhase;
			buildActionMask = 2147483647;
			files = (
			);
			runOnlyForDeploymentPostprocessing = 0;
		};
/* End PBXFrameworksBuildPhase section */

/* Begin PBXGroup section */
		5F869A7D290973A6002C02B0 /* Model */ = {
			isa = PBXGroup;
			children = (
			);
			path = Model;
			sourceTree = "<group>";
		};
		5F869A7E290973C0002C02B0 /* Custom Views */ = {
			isa = PBXGroup;
			children = (
				5F869A7F29097441002C02B0 /* TileView.swift */,
			);
			path = "Custom Views";
			sourceTree = "<group>";
		};
		5F869A81290974F5002C02B0 /* View */ = {
			isa = PBXGroup;
			children = (
				5F869A8529097583002C02B0 /* BoardView.swift */,
				5F869A872909793A002C02B0 /* ChipView.swift */,
			);
			path = View;
			sourceTree = "<group>";
		};
		5F869A8229097504002C02B0 /* Support */ = {
			isa = PBXGroup;
			children = (
				5F869A832909750E002C02B0 /* Constants.swift */,
			);
			path = Support;
			sourceTree = "<group>";
		};
		5F869A8929097BCE002C02B0 /* View Model */ = {
			isa = PBXGroup;
			children = (
				5F869A8A29097BDD002C02B0 /* Player.swift */,
				5F869A8C2909802D002C02B0 /* Game.swift */,
				5F869A8E29098B55002C02B0 /* Tile.swift */,
			);
			path = "View Model";
			sourceTree = "<group>";
		};
		5FC0F7B428F84935001645E6 = {
			isa = PBXGroup;
			children = (
				5FC0F7BF28F84935001645E6 /* Connect4 */,
				5FC0F7BE28F84935001645E6 /* Products */,
			);
			sourceTree = "<group>";
		};
		5FC0F7BE28F84935001645E6 /* Products */ = {
			isa = PBXGroup;
			children = (
				5FC0F7BD28F84935001645E6 /* Connect4.app */,
			);
			name = Products;
			sourceTree = "<group>";
		};
		5FC0F7BF28F84935001645E6 /* Connect4 */ = {
			isa = PBXGroup;
			children = (
				5F869A8229097504002C02B0 /* Support */,
				5F869A8929097BCE002C02B0 /* View Model */,
				5F869A81290974F5002C02B0 /* View */,
				5F869A7E290973C0002C02B0 /* Custom Views */,
				5F869A7D290973A6002C02B0 /* Model */,
				5FC0F7C028F84935001645E6 /* Connect4App.swift */,
				5FC0F7C228F84935001645E6 /* ContentView.swift */,
				5FC0F7C428F84937001645E6 /* Assets.xcassets */,
				5FC0F7C628F84937001645E6 /* Preview Content */,
			);
			path = Connect4;
			sourceTree = "<group>";
		};
		5FC0F7C628F84937001645E6 /* Preview Content */ = {
			isa = PBXGroup;
			children = (
				5FC0F7C728F84937001645E6 /* Preview Assets.xcassets */,
			);
			path = "Preview Content";
			sourceTree = "<group>";
		};
/* End PBXGroup section */

/* Begin PBXNativeTarget section */
		5FC0F7BC28F84935001645E6 /* Connect4 */ = {
			isa = PBXNativeTarget;
			buildConfigurationList = 5FC0F7CB28F84937001645E6 /* Build configuration list for PBXNativeTarget "Connect4" */;
			buildPhases = (
				5FC0F7B928F84935001645E6 /* Sources */,
				5FC0F7BA28F84935001645E6 /* Frameworks */,
				5FC0F7BB28F84935001645E6 /* Resources */,
			);
			buildRules = (
			);
			dependencies = (
			);
			name = Connect4;
			productName = Connect4;
			productReference = 5FC0F7BD28F84935001645E6 /* Connect4.app */;
			productType = "com.apple.product-type.application";
		};
/* End PBXNativeTarget section */

/* Begin PBXProject section */
		5FC0F7B528F84935001645E6 /* Project object */ = {
			isa = PBXProject;
			attributes = {
				BuildIndependentTargetsInParallel = 1;
				LastSwiftUpdateCheck = 1400;
				LastUpgradeCheck = 1400;
				TargetAttributes = {
					5FC0F7BC28F84935001645E6 = {
						CreatedOnToolsVersion = 14.0.1;
					};
				};
			};
			buildConfigurationList = 5FC0F7B828F84935001645E6 /* Build configuration list for PBXProject "Connect4" */;
			compatibilityVersion = "Xcode 14.0";
			developmentRegion = en;
			hasScannedForEncodings = 0;
			knownRegions = (
				en,
				Base,
			);
			mainGroup = 5FC0F7B428F84935001645E6;
			productRefGroup = 5FC0F7BE28F84935001645E6 /* Products */;
			projectDirPath = "";
			projectRoot = "";
			targets = (
				5FC0F7BC28F84935001645E6 /* Connect4 */,
			);
		};
/* End PBXProject section */

/* Begin PBXResourcesBuildPhase section */
		5FC0F7BB28F84935001645E6 /* Resources */ = {
			isa = PBXResourcesBuildPhase;
			buildActionMask = 2147483647;
			files = (
				5FC0F7C828F84937001645E6 /* Preview Assets.xcassets in Resources */,
				5FC0F7C528F84937001645E6 /* Assets.xcassets in Resources */,
			);
			runOnlyForDeploymentPostprocessing = 0;
		};
/* End PBXResourcesBuildPhase section */

/* Begin PBXSourcesBuildPhase section */
		5FC0F7B928F84935001645E6 /* Sources */ = {
			isa = PBXSourcesBuildPhase;
			buildActionMask = 2147483647;
			files = (
				5F869A842909750E002C02B0 /* Constants.swift in Sources */,
				5F869A8D2909802D002C02B0 /* Game.swift in Sources */,
				5FC0F7C328F84935001645E6 /* ContentView.swift in Sources */,
				5F869A8629097584002C02B0 /* BoardView.swift in Sources */,
				5F869A8B29097BDD002C02B0 /* Player.swift in Sources */,
				5F869A882909793A002C02B0 /* ChipView.swift in Sources */,
				5F869A8F29098B55002C02B0 /* Tile.swift in Sources */,
				5FC0F7C128F84935001645E6 /* Connect4App.swift in Sources */,
				5F869A8029097441002C02B0 /* TileView.swift in Sources */,
			);
			runOnlyForDeploymentPostprocessing = 0;
		};
/* End PBXSourcesBuildPhase section */

/* Begin XCBuildConfiguration section */
		5FC0F7C928F84937001645E6 /* Debug */ = {
			isa = XCBuildConfiguration;
			buildSettings = {
				ALWAYS_SEARCH_USER_PATHS = NO;
				CLANG_ANALYZER_NONNULL = YES;
				CLANG_ANALYZER_NUMBER_OBJECT_CONVERSION = YES_AGGRESSIVE;
				CLANG_CXX_LANGUAGE_STANDARD = "gnu++20";
				CLANG_ENABLE_MODULES = YES;
				CLANG_ENABLE_OBJC_ARC = YES;
				CLANG_ENABLE_OBJC_WEAK = YES;
				CLANG_WARN_BLOCK_CAPTURE_AUTORELEASING = YES;
				CLANG_WARN_BOOL_CONVERSION = YES;
				CLANG_WARN_COMMA = YES;
				CLANG_WARN_CONSTANT_CONVERSION = YES;
				CLANG_WARN_DEPRECATED_OBJC_IMPLEMENTATIONS = YES;
				CLANG_WARN_DIRECT_OBJC_ISA_USAGE = YES_ERROR;
				CLANG_WARN_DOCUMENTATION_COMMENTS = YES;
				CLANG_WARN_EMPTY_BODY = YES;
				CLANG_WARN_ENUM_CONVERSION = YES;
				CLANG_WARN_INFINITE_RECURSION = YES;
				CLANG_WARN_INT_CONVERSION = YES;
				CLANG_WARN_NON_LITERAL_NULL_CONVERSION = YES;
				CLANG_WARN_OBJC_IMPLICIT_RETAIN_SELF = YES;
				CLANG_WARN_OBJC_LITERAL_CONVERSION = YES;
				CLANG_WARN_OBJC_ROOT_CLASS = YES_ERROR;
				CLANG_WARN_QUOTED_INCLUDE_IN_FRAMEWORK_HEADER = YES;
				CLANG_WARN_RANGE_LOOP_ANALYSIS = YES;
				CLANG_WARN_STRICT_PROTOTYPES = YES;
				CLANG_WARN_SUSPICIOUS_MOVE = YES;
				CLANG_WARN_UNGUARDED_AVAILABILITY = YES_AGGRESSIVE;
				CLANG_WARN_UNREACHABLE_CODE = YES;
				CLANG_WARN__DUPLICATE_METHOD_MATCH = YES;
				COPY_PHASE_STRIP = NO;
				DEBUG_INFORMATION_FORMAT = dwarf;
				ENABLE_STRICT_OBJC_MSGSEND = YES;
				ENABLE_TESTABILITY = YES;
				GCC_C_LANGUAGE_STANDARD = gnu11;
				GCC_DYNAMIC_NO_PIC = NO;
				GCC_NO_COMMON_BLOCKS = YES;
				GCC_OPTIMIZATION_LEVEL = 0;
				GCC_PREPROCESSOR_DEFINITIONS = (
					"DEBUG=1",
					"$(inherited)",
				);
				GCC_WARN_64_TO_32_BIT_CONVERSION = YES;
				GCC_WARN_ABOUT_RETURN_TYPE = YES_ERROR;
				GCC_WARN_UNDECLARED_SELECTOR = YES;
				GCC_WARN_UNINITIALIZED_AUTOS = YES_AGGRESSIVE;
				GCC_WARN_UNUSED_FUNCTION = YES;
				GCC_WARN_UNUSED_VARIABLE = YES;
				IPHONEOS_DEPLOYMENT_TARGET = 16.0;
				MTL_ENABLE_DEBUG_INFO = INCLUDE_SOURCE;
				MTL_FAST_MATH = YES;
				ONLY_ACTIVE_ARCH = YES;
				SDKROOT = iphoneos;
				SWIFT_ACTIVE_COMPILATION_CONDITIONS = DEBUG;
				SWIFT_OPTIMIZATION_LEVEL = "-Onone";
			};
			name = Debug;
		};
		5FC0F7CA28F84937001645E6 /* Release */ = {
			isa = XCBuildConfiguration;
			buildSettings = {
				ALWAYS_SEARCH_USER_PATHS = NO;
				CLANG_ANALYZER_NONNULL = YES;
				CLANG_ANALYZER_NUMBER_OBJECT_CONVERSION = YES_AGGRESSIVE;
				CLANG_CXX_LANGUAGE_STANDARD = "gnu++20";
				CLANG_ENABLE_MODULES = YES;
				CLANG_ENABLE_OBJC_ARC = YES;
				CLANG_ENABLE_OBJC_WEAK = YES;
				CLANG_WARN_BLOCK_CAPTURE_AUTORELEASING = YES;
				CLANG_WARN_BOOL_CONVERSION = YES;
				CLANG_WARN_COMMA = YES;
				CLANG_WARN_CONSTANT_CONVERSION = YES;
				CLANG_WARN_DEPRECATED_OBJC_IMPLEMENTATIONS = YES;
				CLANG_WARN_DIRECT_OBJC_ISA_USAGE = YES_ERROR;
				CLANG_WARN_DOCUMENTATION_COMMENTS = YES;
				CLANG_WARN_EMPTY_BODY = YES;
				CLANG_WARN_ENUM_CONVERSION = YES;
				CLANG_WARN_INFINITE_RECURSION = YES;
				CLANG_WARN_INT_CONVERSION = YES;
				CLANG_WARN_NON_LITERAL_NULL_CONVERSION = YES;
				CLANG_WARN_OBJC_IMPLICIT_RETAIN_SELF = YES;
				CLANG_WARN_OBJC_LITERAL_CONVERSION = YES;
				CLANG_WARN_OBJC_ROOT_CLASS = YES_ERROR;
				CLANG_WARN_QUOTED_INCLUDE_IN_FRAMEWORK_HEADER = YES;
				CLANG_WARN_RANGE_LOOP_ANALYSIS = YES;
				CLANG_WARN_STRICT_PROTOTYPES = YES;
				CLANG_WARN_SUSPICIOUS_MOVE = YES;
				CLANG_WARN_UNGUARDED_AVAILABILITY = YES_AGGRESSIVE;
				CLANG_WARN_UNREACHABLE_CODE = YES;
				CLANG_WARN__DUPLICATE_METHOD_MATCH = YES;
				COPY_PHASE_STRIP = NO;
				DEBUG_INFORMATION_FORMAT = "dwarf-with-dsym";
				ENABLE_NS_ASSERTIONS = NO;
				ENABLE_STRICT_OBJC_MSGSEND = YES;
				GCC_C_LANGUAGE_STANDARD = gnu11;
				GCC_NO_COMMON_BLOCKS = YES;
				GCC_WARN_64_TO_32_BIT_CONVERSION = YES;
				GCC_WARN_ABOUT_RETURN_TYPE = YES_ERROR;
				GCC_WARN_UNDECLARED_SELECTOR = YES;
				GCC_WARN_UNINITIALIZED_AUTOS = YES_AGGRESSIVE;
				GCC_WARN_UNUSED_FUNCTION = YES;
				GCC_WARN_UNUSED_VARIABLE = YES;
				IPHONEOS_DEPLOYMENT_TARGET = 16.0;
				MTL_ENABLE_DEBUG_INFO = NO;
				MTL_FAST_MATH = YES;
				SDKROOT = iphoneos;
				SWIFT_COMPILATION_MODE = wholemodule;
				SWIFT_OPTIMIZATION_LEVEL = "-O";
				VALIDATE_PRODUCT = YES;
			};
			name = Release;
		};
		5FC0F7CC28F84937001645E6 /* Debug */ = {
			isa = XCBuildConfiguration;
			buildSettings = {
				ASSETCATALOG_COMPILER_APPICON_NAME = AppIcon;
				ASSETCATALOG_COMPILER_GLOBAL_ACCENT_COLOR_NAME = AccentColor;
				CODE_SIGN_STYLE = Automatic;
				CURRENT_PROJECT_VERSION = 1;
				DEVELOPMENT_ASSET_PATHS = "\"Connect4/Preview Content\"";
				DEVELOPMENT_TEAM = 97979SR3M8;
				ENABLE_PREVIEWS = YES;
				GENERATE_INFOPLIST_FILE = YES;
				INFOPLIST_KEY_UIApplicationSceneManifest_Generation = YES;
				INFOPLIST_KEY_UIApplicationSupportsIndirectInputEvents = YES;
				INFOPLIST_KEY_UILaunchScreen_Generation = YES;
				INFOPLIST_KEY_UISupportedInterfaceOrientations_iPad = "UIInterfaceOrientationPortrait UIInterfaceOrientationPortraitUpsideDown UIInterfaceOrientationLandscapeLeft UIInterfaceOrientationLandscapeRight";
				INFOPLIST_KEY_UISupportedInterfaceOrientations_iPhone = "UIInterfaceOrientationPortrait UIInterfaceOrientationLandscapeLeft UIInterfaceOrientationLandscapeRight";
				LD_RUNPATH_SEARCH_PATHS = (
					"$(inherited)",
					"@executable_path/Frameworks",
				);
				MARKETING_VERSION = 1.0;
				PRODUCT_BUNDLE_IDENTIFIER = com.pauribot.Connect4;
				PRODUCT_NAME = "$(TARGET_NAME)";
				SWIFT_EMIT_LOC_STRINGS = YES;
				SWIFT_VERSION = 5.0;
				TARGETED_DEVICE_FAMILY = "1,2";
			};
			name = Debug;
		};
		5FC0F7CD28F84937001645E6 /* Release */ = {
			isa = XCBuildConfiguration;
			buildSettings = {
				ASSETCATALOG_COMPILER_APPICON_NAME = AppIcon;
				ASSETCATALOG_COMPILER_GLOBAL_ACCENT_COLOR_NAME = AccentColor;
				CODE_SIGN_STYLE = Automatic;
				CURRENT_PROJECT_VERSION = 1;
				DEVELOPMENT_ASSET_PATHS = "\"Connect4/Preview Content\"";
				DEVELOPMENT_TEAM = 97979SR3M8;
				ENABLE_PREVIEWS = YES;
				GENERATE_INFOPLIST_FILE = YES;
				INFOPLIST_KEY_UIApplicationSceneManifest_Generation = YES;
				INFOPLIST_KEY_UIApplicationSupportsIndirectInputEvents = YES;
				INFOPLIST_KEY_UILaunchScreen_Generation = YES;
				INFOPLIST_KEY_UISupportedInterfaceOrientations_iPad = "UIInterfaceOrientationPortrait UIInterfaceOrientationPortraitUpsideDown UIInterfaceOrientationLandscapeLeft UIInterfaceOrientationLandscapeRight";
				INFOPLIST_KEY_UISupportedInterfaceOrientations_iPhone = "UIInterfaceOrientationPortrait UIInterfaceOrientationLandscapeLeft UIInterfaceOrientationLandscapeRight";
				LD_RUNPATH_SEARCH_PATHS = (
					"$(inherited)",
					"@executable_path/Frameworks",
				);
				MARKETING_VERSION = 1.0;
				PRODUCT_BUNDLE_IDENTIFIER = com.pauribot.Connect4;
				PRODUCT_NAME = "$(TARGET_NAME)";
				SWIFT_EMIT_LOC_STRINGS = YES;
				SWIFT_VERSION = 5.0;
				TARGETED_DEVICE_FAMILY = "1,2";
			};
			name = Release;
		};
/* End XCBuildConfiguration section */

/* Begin XCConfigurationList section */
		5FC0F7B828F84935001645E6 /* Build configuration list for PBXProject "Connect4" */ = {
			isa = XCConfigurationList;
			buildConfigurations = (
				5FC0F7C928F84937001645E6 /* Debug */,
				5FC0F7CA28F84937001645E6 /* Release */,
			);
			defaultConfigurationIsVisible = 0;
			defaultConfigurationName = Release;
		};
		5FC0F7CB28F84937001645E6 /* Build configuration list for PBXNativeTarget "Connect4" */ = {
			isa = XCConfigurationList;
			buildConfigurations = (
				5FC0F7CC28F84937001645E6 /* Debug */,
				5FC0F7CD28F84937001645E6 /* Release */,
			);
			defaultConfigurationIsVisible = 0;
			defaultConfigurationName = Release;
		};
/* End XCConfigurationList section */
	};
	rootObject = 5FC0F7B528F84935001645E6 /* Project object */;
}
